// !$*UTF8*$!
{
	archiveVersion = 1;
	classes = {
	};
	objectVersion = 50;
	objects = {

/* Begin PBXBuildFile section */
		7B3D3F1B226FB36900D8E94E /* AppDelegate.swift in Sources */ = {isa = PBXBuildFile; fileRef = 7B3D3F1A226FB36900D8E94E /* AppDelegate.swift */; };
		7B3D3F20226FB36900D8E94E /* Main.storyboard in Resources */ = {isa = PBXBuildFile; fileRef = 7B3D3F1E226FB36900D8E94E /* Main.storyboard */; };
		7B3D3F22226FB36A00D8E94E /* Assets.xcassets in Resources */ = {isa = PBXBuildFile; fileRef = 7B3D3F21226FB36A00D8E94E /* Assets.xcassets */; };
		7B3D3F25226FB36A00D8E94E /* LaunchScreen.storyboard in Resources */ = {isa = PBXBuildFile; fileRef = 7B3D3F23226FB36A00D8E94E /* LaunchScreen.storyboard */; };
		7B8E4E3422712384001F9C2F /* ScheduleOverviewViewController.swift in Sources */ = {isa = PBXBuildFile; fileRef = 7B8E4E3322712384001F9C2F /* ScheduleOverviewViewController.swift */; };
		7B8E4E3622712462001F9C2F /* UpcomingScheduleCollectionViewController.swift in Sources */ = {isa = PBXBuildFile; fileRef = 7B8E4E3522712462001F9C2F /* UpcomingScheduleCollectionViewController.swift */; };
		7B8E4E3822728032001F9C2F /* SettingsViewController.swift in Sources */ = {isa = PBXBuildFile; fileRef = 7B8E4E3722728032001F9C2F /* SettingsViewController.swift */; };
		7B8E4E3A2272818B001F9C2F /* AddNewPlantViewController.swift in Sources */ = {isa = PBXBuildFile; fileRef = 7B8E4E392272818B001F9C2F /* AddNewPlantViewController.swift */; };
		7B8E4E3C227281FB001F9C2F /* PlantDetailViewController.swift in Sources */ = {isa = PBXBuildFile; fileRef = 7B8E4E3B227281FB001F9C2F /* PlantDetailViewController.swift */; };
		7B8E4E3F227770AF001F9C2F /* SheduleOverviewCollectionViewCell.swift in Sources */ = {isa = PBXBuildFile; fileRef = 7B8E4E3E227770AF001F9C2F /* SheduleOverviewCollectionViewCell.swift */; };
		7B8E4E412277768F001F9C2F /* DailyScheduleHeaderCollectionReusableView.swift in Sources */ = {isa = PBXBuildFile; fileRef = 7B8E4E402277768F001F9C2F /* DailyScheduleHeaderCollectionReusableView.swift */; };
		7B8E4E43227A1360001F9C2F /* DailyScheduleCollectionViewCell.swift in Sources */ = {isa = PBXBuildFile; fileRef = 7B8E4E42227A1360001F9C2F /* DailyScheduleCollectionViewCell.swift */; };
		7B8E4E45227BE6ED001F9C2F /* AddScheduleViewController.swift in Sources */ = {isa = PBXBuildFile; fileRef = 7B8E4E44227BE6ED001F9C2F /* AddScheduleViewController.swift */; };
/* End PBXBuildFile section */

/* Begin PBXFileReference section */
		7B3D3F17226FB36900D8E94E /* When To Water.app */ = {isa = PBXFileReference; explicitFileType = wrapper.application; includeInIndex = 0; path = "When To Water.app"; sourceTree = BUILT_PRODUCTS_DIR; };
		7B3D3F1A226FB36900D8E94E /* AppDelegate.swift */ = {isa = PBXFileReference; lastKnownFileType = sourcecode.swift; path = AppDelegate.swift; sourceTree = "<group>"; };
		7B3D3F1F226FB36900D8E94E /* Base */ = {isa = PBXFileReference; lastKnownFileType = file.storyboard; name = Base; path = Base.lproj/Main.storyboard; sourceTree = "<group>"; };
		7B3D3F21226FB36A00D8E94E /* Assets.xcassets */ = {isa = PBXFileReference; lastKnownFileType = folder.assetcatalog; path = Assets.xcassets; sourceTree = "<group>"; };
		7B3D3F24226FB36A00D8E94E /* Base */ = {isa = PBXFileReference; lastKnownFileType = file.storyboard; name = Base; path = Base.lproj/LaunchScreen.storyboard; sourceTree = "<group>"; };
		7B3D3F26226FB36A00D8E94E /* Info.plist */ = {isa = PBXFileReference; lastKnownFileType = text.plist.xml; path = Info.plist; sourceTree = "<group>"; };
		7B8E4E3322712384001F9C2F /* ScheduleOverviewViewController.swift */ = {isa = PBXFileReference; lastKnownFileType = sourcecode.swift; path = ScheduleOverviewViewController.swift; sourceTree = "<group>"; };
		7B8E4E3522712462001F9C2F /* UpcomingScheduleCollectionViewController.swift */ = {isa = PBXFileReference; lastKnownFileType = sourcecode.swift; path = UpcomingScheduleCollectionViewController.swift; sourceTree = "<group>"; };
		7B8E4E3722728032001F9C2F /* SettingsViewController.swift */ = {isa = PBXFileReference; lastKnownFileType = sourcecode.swift; path = SettingsViewController.swift; sourceTree = "<group>"; };
		7B8E4E392272818B001F9C2F /* AddNewPlantViewController.swift */ = {isa = PBXFileReference; lastKnownFileType = sourcecode.swift; path = AddNewPlantViewController.swift; sourceTree = "<group>"; };
		7B8E4E3B227281FB001F9C2F /* PlantDetailViewController.swift */ = {isa = PBXFileReference; lastKnownFileType = sourcecode.swift; path = PlantDetailViewController.swift; sourceTree = "<group>"; };
		7B8E4E3E227770AF001F9C2F /* SheduleOverviewCollectionViewCell.swift */ = {isa = PBXFileReference; lastKnownFileType = sourcecode.swift; path = SheduleOverviewCollectionViewCell.swift; sourceTree = "<group>"; };
		7B8E4E402277768F001F9C2F /* DailyScheduleHeaderCollectionReusableView.swift */ = {isa = PBXFileReference; lastKnownFileType = sourcecode.swift; path = DailyScheduleHeaderCollectionReusableView.swift; sourceTree = "<group>"; };
		7B8E4E42227A1360001F9C2F /* DailyScheduleCollectionViewCell.swift */ = {isa = PBXFileReference; lastKnownFileType = sourcecode.swift; path = DailyScheduleCollectionViewCell.swift; sourceTree = "<group>"; };
		7B8E4E44227BE6ED001F9C2F /* AddScheduleViewController.swift */ = {isa = PBXFileReference; lastKnownFileType = sourcecode.swift; path = AddScheduleViewController.swift; sourceTree = "<group>"; };
/* End PBXFileReference section */

/* Begin PBXFrameworksBuildPhase section */
		7B3D3F14226FB36900D8E94E /* Frameworks */ = {
			isa = PBXFrameworksBuildPhase;
			buildActionMask = 2147483647;
			files = (
			);
			runOnlyForDeploymentPostprocessing = 0;
		};
/* End PBXFrameworksBuildPhase section */

/* Begin PBXGroup section */
		7B3D3F0E226FB36900D8E94E = {
			isa = PBXGroup;
			children = (
				7B3D3F19226FB36900D8E94E /* When To Water */,
				7B3D3F18226FB36900D8E94E /* Products */,
			);
			sourceTree = "<group>";
		};
		7B3D3F18226FB36900D8E94E /* Products */ = {
			isa = PBXGroup;
			children = (
				7B3D3F17226FB36900D8E94E /* When To Water.app */,
			);
			name = Products;
			sourceTree = "<group>";
		};
		7B3D3F19226FB36900D8E94E /* When To Water */ = {
			isa = PBXGroup;
			children = (
				7B3D3F1A226FB36900D8E94E /* AppDelegate.swift */,
				7B8E4E3D227532A9001F9C2F /* New Group */,
				7B3D3F21226FB36A00D8E94E /* Assets.xcassets */,
				7B3D3F1E226FB36900D8E94E /* Main.storyboard */,
				7B3D3F23226FB36A00D8E94E /* LaunchScreen.storyboard */,
				7B3D3F26226FB36A00D8E94E /* Info.plist */,
			);
			path = "When To Water";
			sourceTree = "<group>";
		};
		7B8E4E3D227532A9001F9C2F /* New Group */ = {
			isa = PBXGroup;
			children = (
				7B8E4E3322712384001F9C2F /* ScheduleOverviewViewController.swift */,
				7B8E4E3E227770AF001F9C2F /* SheduleOverviewCollectionViewCell.swift */,
				7B8E4E3522712462001F9C2F /* UpcomingScheduleCollectionViewController.swift */,
				7B8E4E402277768F001F9C2F /* DailyScheduleHeaderCollectionReusableView.swift */,
				7B8E4E42227A1360001F9C2F /* DailyScheduleCollectionViewCell.swift */,
				7B8E4E3B227281FB001F9C2F /* PlantDetailViewController.swift */,
				7B8E4E392272818B001F9C2F /* AddNewPlantViewController.swift */,
				7B8E4E44227BE6ED001F9C2F /* AddScheduleViewController.swift */,
				7B8E4E3722728032001F9C2F /* SettingsViewController.swift */,
			);
			path = "New Group";
			sourceTree = "<group>";
		};
/* End PBXGroup section */

/* Begin PBXNativeTarget section */
		7B3D3F16226FB36900D8E94E /* When To Water */ = {
			isa = PBXNativeTarget;
			buildConfigurationList = 7B3D3F29226FB36A00D8E94E /* Build configuration list for PBXNativeTarget "When To Water" */;
			buildPhases = (
				7B3D3F13226FB36900D8E94E /* Sources */,
				7B3D3F14226FB36900D8E94E /* Frameworks */,
				7B3D3F15226FB36900D8E94E /* Resources */,
			);
			buildRules = (
			);
			dependencies = (
			);
			name = "When To Water";
			productName = "When To Water";
			productReference = 7B3D3F17226FB36900D8E94E /* When To Water.app */;
			productType = "com.apple.product-type.application";
		};
/* End PBXNativeTarget section */

/* Begin PBXProject section */
		7B3D3F0F226FB36900D8E94E /* Project object */ = {
			isa = PBXProject;
			attributes = {
				LastSwiftUpdateCheck = 1020;
				LastUpgradeCheck = 1020;
				ORGANIZATIONNAME = "Daniela Parra";
				TargetAttributes = {
					7B3D3F16226FB36900D8E94E = {
						CreatedOnToolsVersion = 10.2;
					};
				};
			};
			buildConfigurationList = 7B3D3F12226FB36900D8E94E /* Build configuration list for PBXProject "When To Water" */;
			compatibilityVersion = "Xcode 9.3";
			developmentRegion = en;
			hasScannedForEncodings = 0;
			knownRegions = (
				en,
				Base,
			);
			mainGroup = 7B3D3F0E226FB36900D8E94E;
			productRefGroup = 7B3D3F18226FB36900D8E94E /* Products */;
			projectDirPath = "";
			projectRoot = "";
			targets = (
				7B3D3F16226FB36900D8E94E /* When To Water */,
			);
		};
/* End PBXProject section */

/* Begin PBXResourcesBuildPhase section */
		7B3D3F15226FB36900D8E94E /* Resources */ = {
			isa = PBXResourcesBuildPhase;
			buildActionMask = 2147483647;
			files = (
				7B3D3F25226FB36A00D8E94E /* LaunchScreen.storyboard in Resources */,
				7B3D3F22226FB36A00D8E94E /* Assets.xcassets in Resources */,
				7B3D3F20226FB36900D8E94E /* Main.storyboard in Resources */,
			);
			runOnlyForDeploymentPostprocessing = 0;
		};
/* End PBXResourcesBuildPhase section */

/* Begin PBXSourcesBuildPhase section */
		7B3D3F13226FB36900D8E94E /* Sources */ = {
			isa = PBXSourcesBuildPhase;
			buildActionMask = 2147483647;
			files = (
				7B3D3F1B226FB36900D8E94E /* AppDelegate.swift in Sources */,
				7B8E4E43227A1360001F9C2F /* DailyScheduleCollectionViewCell.swift in Sources */,
				7B8E4E3622712462001F9C2F /* UpcomingScheduleCollectionViewController.swift in Sources */,
				7B8E4E3422712384001F9C2F /* ScheduleOverviewViewController.swift in Sources */,
				7B8E4E3A2272818B001F9C2F /* AddNewPlantViewController.swift in Sources */,
				7B8E4E3F227770AF001F9C2F /* SheduleOverviewCollectionViewCell.swift in Sources */,
				7B8E4E412277768F001F9C2F /* DailyScheduleHeaderCollectionReusableView.swift in Sources */,
				7B8E4E45227BE6ED001F9C2F /* AddScheduleViewController.swift in Sources */,
				7B8E4E3822728032001F9C2F /* SettingsViewController.swift in Sources */,
				7B8E4E3C227281FB001F9C2F /* PlantDetailViewController.swift in Sources */,
			);
			runOnlyForDeploymentPostprocessing = 0;
		};
/* End PBXSourcesBuildPhase section */

/* Begin PBXVariantGroup section */
		7B3D3F1E226FB36900D8E94E /* Main.storyboard */ = {
			isa = PBXVariantGroup;
			children = (
				7B3D3F1F226FB36900D8E94E /* Base */,
			);
			name = Main.storyboard;
			sourceTree = "<group>";
		};
		7B3D3F23226FB36A00D8E94E /* LaunchScreen.storyboard */ = {
			isa = PBXVariantGroup;
			children = (
				7B3D3F24226FB36A00D8E94E /* Base */,
			);
			name = LaunchScreen.storyboard;
			sourceTree = "<group>";
		};
/* End PBXVariantGroup section */

/* Begin XCBuildConfiguration section */
		7B3D3F27226FB36A00D8E94E /* Debug */ = {
			isa = XCBuildConfiguration;
			buildSettings = {
				ALWAYS_SEARCH_USER_PATHS = NO;
				CLANG_ANALYZER_NONNULL = YES;
				CLANG_ANALYZER_NUMBER_OBJECT_CONVERSION = YES_AGGRESSIVE;
				CLANG_CXX_LANGUAGE_STANDARD = "gnu++14";
				CLANG_CXX_LIBRARY = "libc++";
				CLANG_ENABLE_MODULES = YES;
				CLANG_ENABLE_OBJC_ARC = YES;
				CLANG_ENABLE_OBJC_WEAK = YES;
				CLANG_WARN_BLOCK_CAPTURE_AUTORELEASING = YES;
				CLANG_WARN_BOOL_CONVERSION = YES;
				CLANG_WARN_COMMA = YES;
				CLANG_WARN_CONSTANT_CONVERSION = YES;
				CLANG_WARN_DEPRECATED_OBJC_IMPLEMENTATIONS = YES;
				CLANG_WARN_DIRECT_OBJC_ISA_USAGE = YES_ERROR;
				CLANG_WARN_DOCUMENTATION_COMMENTS = YES;
				CLANG_WARN_EMPTY_BODY = YES;
				CLANG_WARN_ENUM_CONVERSION = YES;
				CLANG_WARN_INFINITE_RECURSION = YES;
				CLANG_WARN_INT_CONVERSION = YES;
				CLANG_WARN_NON_LITERAL_NULL_CONVERSION = YES;
				CLANG_WARN_OBJC_IMPLICIT_RETAIN_SELF = YES;
				CLANG_WARN_OBJC_LITERAL_CONVERSION = YES;
				CLANG_WARN_OBJC_ROOT_CLASS = YES_ERROR;
				CLANG_WARN_RANGE_LOOP_ANALYSIS = YES;
				CLANG_WARN_STRICT_PROTOTYPES = YES;
				CLANG_WARN_SUSPICIOUS_MOVE = YES;
				CLANG_WARN_UNGUARDED_AVAILABILITY = YES_AGGRESSIVE;
				CLANG_WARN_UNREACHABLE_CODE = YES;
				CLANG_WARN__DUPLICATE_METHOD_MATCH = YES;
				CODE_SIGN_IDENTITY = "iPhone Developer";
				COPY_PHASE_STRIP = NO;
				DEBUG_INFORMATION_FORMAT = dwarf;
				ENABLE_STRICT_OBJC_MSGSEND = YES;
				ENABLE_TESTABILITY = YES;
				GCC_C_LANGUAGE_STANDARD = gnu11;
				GCC_DYNAMIC_NO_PIC = NO;
				GCC_NO_COMMON_BLOCKS = YES;
				GCC_OPTIMIZATION_LEVEL = 0;
				GCC_PREPROCESSOR_DEFINITIONS = (
					"DEBUG=1",
					"$(inherited)",
				);
				GCC_WARN_64_TO_32_BIT_CONVERSION = YES;
				GCC_WARN_ABOUT_RETURN_TYPE = YES_ERROR;
				GCC_WARN_UNDECLARED_SELECTOR = YES;
				GCC_WARN_UNINITIALIZED_AUTOS = YES_AGGRESSIVE;
				GCC_WARN_UNUSED_FUNCTION = YES;
				GCC_WARN_UNUSED_VARIABLE = YES;
				IPHONEOS_DEPLOYMENT_TARGET = 12.2;
				MTL_ENABLE_DEBUG_INFO = INCLUDE_SOURCE;
				MTL_FAST_MATH = YES;
				ONLY_ACTIVE_ARCH = YES;
				SDKROOT = iphoneos;
				SWIFT_ACTIVE_COMPILATION_CONDITIONS = DEBUG;
				SWIFT_OPTIMIZATION_LEVEL = "-Onone";
			};
			name = Debug;
		};
		7B3D3F28226FB36A00D8E94E /* Release */ = {
			isa = XCBuildConfiguration;
			buildSettings = {
				ALWAYS_SEARCH_USER_PATHS = NO;
				CLANG_ANALYZER_NONNULL = YES;
				CLANG_ANALYZER_NUMBER_OBJECT_CONVERSION = YES_AGGRESSIVE;
				CLANG_CXX_LANGUAGE_STANDARD = "gnu++14";
				CLANG_CXX_LIBRARY = "libc++";
				CLANG_ENABLE_MODULES = YES;
				CLANG_ENABLE_OBJC_ARC = YES;
				CLANG_ENABLE_OBJC_WEAK = YES;
				CLANG_WARN_BLOCK_CAPTURE_AUTORELEASING = YES;
				CLANG_WARN_BOOL_CONVERSION = YES;
				CLANG_WARN_COMMA = YES;
				CLANG_WARN_CONSTANT_CONVERSION = YES;
				CLANG_WARN_DEPRECATED_OBJC_IMPLEMENTATIONS = YES;
				CLANG_WARN_DIRECT_OBJC_ISA_USAGE = YES_ERROR;
				CLANG_WARN_DOCUMENTATION_COMMENTS = YES;
				CLANG_WARN_EMPTY_BODY = YES;
				CLANG_WARN_ENUM_CONVERSION = YES;
				CLANG_WARN_INFINITE_RECURSION = YES;
				CLANG_WARN_INT_CONVERSION = YES;
				CLANG_WARN_NON_LITERAL_NULL_CONVERSION = YES;
				CLANG_WARN_OBJC_IMPLICIT_RETAIN_SELF = YES;
				CLANG_WARN_OBJC_LITERAL_CONVERSION = YES;
				CLANG_WARN_OBJC_ROOT_CLASS = YES_ERROR;
				CLANG_WARN_RANGE_LOOP_ANALYSIS = YES;
				CLANG_WARN_STRICT_PROTOTYPES = YES;
				CLANG_WARN_SUSPICIOUS_MOVE = YES;
				CLANG_WARN_UNGUARDED_AVAILABILITY = YES_AGGRESSIVE;
				CLANG_WARN_UNREACHABLE_CODE = YES;
				CLANG_WARN__DUPLICATE_METHOD_MATCH = YES;
				CODE_SIGN_IDENTITY = "iPhone Developer";
				COPY_PHASE_STRIP = NO;
				DEBUG_INFORMATION_FORMAT = "dwarf-with-dsym";
				ENABLE_NS_ASSERTIONS = NO;
				ENABLE_STRICT_OBJC_MSGSEND = YES;
				GCC_C_LANGUAGE_STANDARD = gnu11;
				GCC_NO_COMMON_BLOCKS = YES;
				GCC_WARN_64_TO_32_BIT_CONVERSION = YES;
				GCC_WARN_ABOUT_RETURN_TYPE = YES_ERROR;
				GCC_WARN_UNDECLARED_SELECTOR = YES;
				GCC_WARN_UNINITIALIZED_AUTOS = YES_AGGRESSIVE;
				GCC_WARN_UNUSED_FUNCTION = YES;
				GCC_WARN_UNUSED_VARIABLE = YES;
				IPHONEOS_DEPLOYMENT_TARGET = 12.2;
				MTL_ENABLE_DEBUG_INFO = NO;
				MTL_FAST_MATH = YES;
				SDKROOT = iphoneos;
				SWIFT_COMPILATION_MODE = wholemodule;
				SWIFT_OPTIMIZATION_LEVEL = "-O";
				VALIDATE_PRODUCT = YES;
			};
			name = Release;
		};
		7B3D3F2A226FB36A00D8E94E /* Debug */ = {
			isa = XCBuildConfiguration;
			buildSettings = {
				ASSETCATALOG_COMPILER_APPICON_NAME = AppIcon;
				CODE_SIGN_STYLE = Automatic;
				INFOPLIST_FILE = "When To Water/Info.plist";
				LD_RUNPATH_SEARCH_PATHS = (
					"$(inherited)",
					"@executable_path/Frameworks",
				);
				PRODUCT_BUNDLE_IDENTIFIER = "com.DanielaParra.When-To-Water";
				PRODUCT_NAME = "$(TARGET_NAME)";
				SWIFT_VERSION = 5.0;
				TARGETED_DEVICE_FAMILY = "1,2";
			};
			name = Debug;
		};
		7B3D3F2B226FB36A00D8E94E /* Release */ = {
			isa = XCBuildConfiguration;
			buildSettings = {
				ASSETCATALOG_COMPILER_APPICON_NAME = AppIcon;
				CODE_SIGN_STYLE = Automatic;
				INFOPLIST_FILE = "When To Water/Info.plist";
				LD_RUNPATH_SEARCH_PATHS = (
					"$(inherited)",
					"@executable_path/Frameworks",
				);
				PRODUCT_BUNDLE_IDENTIFIER = "com.DanielaParra.When-To-Water";
				PRODUCT_NAME = "$(TARGET_NAME)";
				SWIFT_VERSION = 5.0;
				TARGETED_DEVICE_FAMILY = "1,2";
			};
			name = Release;
		};
/* End XCBuildConfiguration section */

/* Begin XCConfigurationList section */
		7B3D3F12226FB36900D8E94E /* Build configuration list for PBXProject "When To Water" */ = {
			isa = XCConfigurationList;
			buildConfigurations = (
				7B3D3F27226FB36A00D8E94E /* Debug */,
				7B3D3F28226FB36A00D8E94E /* Release */,
			);
			defaultConfigurationIsVisible = 0;
			defaultConfigurationName = Release;
		};
		7B3D3F29226FB36A00D8E94E /* Build configuration list for PBXNativeTarget "When To Water" */ = {
			isa = XCConfigurationList;
			buildConfigurations = (
				7B3D3F2A226FB36A00D8E94E /* Debug */,
				7B3D3F2B226FB36A00D8E94E /* Release */,
			);
			defaultConfigurationIsVisible = 0;
			defaultConfigurationName = Release;
		};
/* End XCConfigurationList section */
	};
	rootObject = 7B3D3F0F226FB36900D8E94E /* Project object */;
}
